// !$*UTF8*$!
{
	archiveVersion = 1;
	classes = {
	};
	objectVersion = 56;
	objects = {

/* Begin PBXBuildFile section */
		570409582AD5A77F00D26228 /* WebsocketResponse.swift in Sources */ = {isa = PBXBuildFile; fileRef = 570409572AD5A77F00D26228 /* WebsocketResponse.swift */; };
		571F9D242CA998F900728DB6 /* Statistics.swift in Sources */ = {isa = PBXBuildFile; fileRef = 571F9D232CA998F200728DB6 /* Statistics.swift */; };
		571F9D2D2CA9C50C00728DB6 /* StatisticsView.swift in Sources */ = {isa = PBXBuildFile; fileRef = 571F9D2B2CA9C50C00728DB6 /* StatisticsView.swift */; };
		571F9D2F2CA9C52700728DB6 /* StatisticsViewModel.swift in Sources */ = {isa = PBXBuildFile; fileRef = 571F9D2E2CA9C52700728DB6 /* StatisticsViewModel.swift */; };
		572F0ABD2A1EB48600D73E15 /* Accident.swift in Sources */ = {isa = PBXBuildFile; fileRef = 572F0ABC2A1EB48500D73E15 /* Accident.swift */; };
		57563E842A1A78E30051B0F1 /* CarQuery.swift in Sources */ = {isa = PBXBuildFile; fileRef = 57563E832A1A78E30051B0F1 /* CarQuery.swift */; };
		57563E862A1A7BDC0051B0F1 /* Inspection.swift in Sources */ = {isa = PBXBuildFile; fileRef = 57563E852A1A7BDC0051B0F1 /* Inspection.swift */; };
		57563E892A1A7D320051B0F1 /* CarQueryResponse.swift in Sources */ = {isa = PBXBuildFile; fileRef = 57563E882A1A7D320051B0F1 /* CarQueryResponse.swift */; };
		57563E8B2A1A826F0051B0F1 /* QueryView.swift in Sources */ = {isa = PBXBuildFile; fileRef = 57563E8A2A1A826F0051B0F1 /* QueryView.swift */; };
		57563E8F2A1A94830051B0F1 /* QuerySheetView.swift in Sources */ = {isa = PBXBuildFile; fileRef = 57563E8E2A1A94830051B0F1 /* QuerySheetView.swift */; };
		57563E922A1ABD530051B0F1 /* MileageView.swift in Sources */ = {isa = PBXBuildFile; fileRef = 57563E912A1ABD530051B0F1 /* MileageView.swift */; };
		57563E962A1AC2290051B0F1 /* Mileage.swift in Sources */ = {isa = PBXBuildFile; fileRef = 57563E952A1AC2290051B0F1 /* Mileage.swift */; };
		575DD0FD2B018797001027A9 /* InspectionsView.swift in Sources */ = {isa = PBXBuildFile; fileRef = 575DD0FC2B018797001027A9 /* InspectionsView.swift */; };
		575DD1002B02AAEC001027A9 /* LazyPager in Frameworks */ = {isa = PBXBuildFile; productRef = 575DD0FF2B02AAEC001027A9 /* LazyPager */; };
		5771424E2B136E0000CF049B /* DateView.swift in Sources */ = {isa = PBXBuildFile; fileRef = 5771424D2B136E0000CF049B /* DateView.swift */; };
		5775A7EE2B2902FA00096E63 /* CocoaLumberjack in Frameworks */ = {isa = PBXBuildFile; productRef = 5775A7ED2B2902FA00096E63 /* CocoaLumberjack */; };
		5775A7F02B2902FA00096E63 /* CocoaLumberjackSwift in Frameworks */ = {isa = PBXBuildFile; productRef = 5775A7EF2B2902FA00096E63 /* CocoaLumberjackSwift */; };
		5775A7F22B2902FA00096E63 /* CocoaLumberjackSwiftLogBackend in Frameworks */ = {isa = PBXBuildFile; productRef = 5775A7F12B2902FA00096E63 /* CocoaLumberjackSwiftLogBackend */; };
		577C65442895958500397961 /* HTTPController.swift in Sources */ = {isa = PBXBuildFile; fileRef = 577C65432895958500397961 /* HTTPController.swift */; };
		578406842AF6EBF00045D4BB /* Restriction.swift in Sources */ = {isa = PBXBuildFile; fileRef = 578406832AF6EBF00045D4BB /* Restriction.swift */; };
		578406862AF6FA2C0045D4BB /* DeleteResponse.swift in Sources */ = {isa = PBXBuildFile; fileRef = 578406852AF6FA2C0045D4BB /* DeleteResponse.swift */; };
		5795FA95286E1288007E60DF /* NodeJS_Thingy_CarsApp.swift in Sources */ = {isa = PBXBuildFile; fileRef = 5795FA94286E1288007E60DF /* NodeJS_Thingy_CarsApp.swift */; };
		5795FA97286E1288007E60DF /* ContentView.swift in Sources */ = {isa = PBXBuildFile; fileRef = 5795FA96286E1288007E60DF /* ContentView.swift */; };
		5795FA99286E1289007E60DF /* Assets.xcassets in Resources */ = {isa = PBXBuildFile; fileRef = 5795FA98286E1289007E60DF /* Assets.xcassets */; };
		5795FA9C286E1289007E60DF /* Preview Assets.xcassets in Resources */ = {isa = PBXBuildFile; fileRef = 5795FA9B286E1289007E60DF /* Preview Assets.xcassets */; };
		57A49F2F2871EC85006A2712 /* DetailView.swift in Sources */ = {isa = PBXBuildFile; fileRef = 57A49F2E2871EC85006A2712 /* DetailView.swift */; };
		57A49F312871EEA0006A2712 /* Car.swift in Sources */ = {isa = PBXBuildFile; fileRef = 57A49F302871EEA0006A2712 /* Car.swift */; };
		57A49F332871EFE2006A2712 /* CarResponse.swift in Sources */ = {isa = PBXBuildFile; fileRef = 57A49F322871EFE2006A2712 /* CarResponse.swift */; };
		57A49F3A2872349B006A2712 /* Database.swift in Sources */ = {isa = PBXBuildFile; fileRef = 57A49F392872349B006A2712 /* Database.swift */; };
		57A979322878B2980024EAA0 /* NewCarView.swift in Sources */ = {isa = PBXBuildFile; fileRef = 57A979312878B2980024EAA0 /* NewCarView.swift */; };
		57AFE3BB28CE2C2700837E0F /* LocationManager.swift in Sources */ = {isa = PBXBuildFile; fileRef = 57AFE3BA28CE2C2700837E0F /* LocationManager.swift */; };
		57B343A02AEDA2B00092AB78 /* InspectionResponse.swift in Sources */ = {isa = PBXBuildFile; fileRef = 57B3439F2AEDA2B00092AB78 /* InspectionResponse.swift */; };
		57B343A22AF05E5C0092AB78 /* Websocket.swift in Sources */ = {isa = PBXBuildFile; fileRef = 57B343A12AF05E5C0092AB78 /* Websocket.swift */; };
		57B343A42AF05EB20092AB78 /* QueryViewModel.swift in Sources */ = {isa = PBXBuildFile; fileRef = 57B343A32AF05EB20092AB78 /* QueryViewModel.swift */; };
		57B343A62AF065D20092AB78 /* QuerySheetViewModel.swift in Sources */ = {isa = PBXBuildFile; fileRef = 57B343A52AF065D20092AB78 /* QuerySheetViewModel.swift */; };
		57BA6B172A5466F6005C447C /* SpecView.swift in Sources */ = {isa = PBXBuildFile; fileRef = 57BA6B162A5466F6005C447C /* SpecView.swift */; };
		57BD24742A4EE6A6000508A3 /* InspectionView.swift in Sources */ = {isa = PBXBuildFile; fileRef = 57BD24732A4EE6A6000508A3 /* InspectionView.swift */; };
		57BD24762A4EF455000508A3 /* TestCar.swift in Sources */ = {isa = PBXBuildFile; fileRef = 57BD24752A4EF455000508A3 /* TestCar.swift */; };
		57BD24782A4F37AF000508A3 /* InspectionImageViewer.swift in Sources */ = {isa = PBXBuildFile; fileRef = 57BD24772A4F37AF000508A3 /* InspectionImageViewer.swift */; };
		57C5F1612B000037005F40CC /* NewCarViewModel.swift in Sources */ = {isa = PBXBuildFile; fileRef = 57C5F1602B000037005F40CC /* NewCarViewModel.swift */; };
		57C5F1632B000EF3005F40CC /* MapView.swift in Sources */ = {isa = PBXBuildFile; fileRef = 57C5F1622B000EF3005F40CC /* MapView.swift */; };
		57C5F1672B001162005F40CC /* MapViewModel.swift in Sources */ = {isa = PBXBuildFile; fileRef = 57C5F1662B001162005F40CC /* MapViewModel.swift */; };
		57C5F16A2B00279D005F40CC /* MapDetailView.swift in Sources */ = {isa = PBXBuildFile; fileRef = 57C5F1692B00279D005F40CC /* MapDetailView.swift */; };
		57D3DE832AF9072F005A172E /* GoResponse.swift in Sources */ = {isa = PBXBuildFile; fileRef = 57D3DE822AF9072F005A172E /* GoResponse.swift */; };
		57D80CEB2A59FF4D0000CCFB /* MyCarsView.swift in Sources */ = {isa = PBXBuildFile; fileRef = 57D80CEA2A59FF4D0000CCFB /* MyCarsView.swift */; };
		57D80CED2A59FF680000CCFB /* SharedViewData.swift in Sources */ = {isa = PBXBuildFile; fileRef = 57D80CEC2A59FF680000CCFB /* SharedViewData.swift */; };
/* End PBXBuildFile section */

/* Begin PBXFileReference section */
		570409572AD5A77F00D26228 /* WebsocketResponse.swift */ = {isa = PBXFileReference; lastKnownFileType = sourcecode.swift; path = WebsocketResponse.swift; sourceTree = "<group>"; };
		571F9D232CA998F200728DB6 /* Statistics.swift */ = {isa = PBXFileReference; lastKnownFileType = sourcecode.swift; path = Statistics.swift; sourceTree = "<group>"; };
		571F9D2B2CA9C50C00728DB6 /* StatisticsView.swift */ = {isa = PBXFileReference; lastKnownFileType = sourcecode.swift; path = StatisticsView.swift; sourceTree = "<group>"; };
		571F9D2E2CA9C52700728DB6 /* StatisticsViewModel.swift */ = {isa = PBXFileReference; lastKnownFileType = sourcecode.swift; path = StatisticsViewModel.swift; sourceTree = "<group>"; };
		572F0ABC2A1EB48500D73E15 /* Accident.swift */ = {isa = PBXFileReference; lastKnownFileType = sourcecode.swift; path = Accident.swift; sourceTree = "<group>"; };
		57563E832A1A78E30051B0F1 /* CarQuery.swift */ = {isa = PBXFileReference; lastKnownFileType = sourcecode.swift; path = CarQuery.swift; sourceTree = "<group>"; };
		57563E852A1A7BDC0051B0F1 /* Inspection.swift */ = {isa = PBXFileReference; lastKnownFileType = sourcecode.swift; path = Inspection.swift; sourceTree = "<group>"; };
		57563E882A1A7D320051B0F1 /* CarQueryResponse.swift */ = {isa = PBXFileReference; lastKnownFileType = sourcecode.swift; path = CarQueryResponse.swift; sourceTree = "<group>"; };
		57563E8A2A1A826F0051B0F1 /* QueryView.swift */ = {isa = PBXFileReference; lastKnownFileType = sourcecode.swift; path = QueryView.swift; sourceTree = "<group>"; };
		57563E8E2A1A94830051B0F1 /* QuerySheetView.swift */ = {isa = PBXFileReference; lastKnownFileType = sourcecode.swift; path = QuerySheetView.swift; sourceTree = "<group>"; };
		57563E912A1ABD530051B0F1 /* MileageView.swift */ = {isa = PBXFileReference; lastKnownFileType = sourcecode.swift; path = MileageView.swift; sourceTree = "<group>"; };
		57563E952A1AC2290051B0F1 /* Mileage.swift */ = {isa = PBXFileReference; lastKnownFileType = sourcecode.swift; path = Mileage.swift; sourceTree = "<group>"; };
		575DD0FC2B018797001027A9 /* InspectionsView.swift */ = {isa = PBXFileReference; lastKnownFileType = sourcecode.swift; path = InspectionsView.swift; sourceTree = "<group>"; };
		5771424D2B136E0000CF049B /* DateView.swift */ = {isa = PBXFileReference; lastKnownFileType = sourcecode.swift; path = DateView.swift; sourceTree = "<group>"; };
		577C65432895958500397961 /* HTTPController.swift */ = {isa = PBXFileReference; lastKnownFileType = sourcecode.swift; path = HTTPController.swift; sourceTree = "<group>"; };
		578406832AF6EBF00045D4BB /* Restriction.swift */ = {isa = PBXFileReference; lastKnownFileType = sourcecode.swift; path = Restriction.swift; sourceTree = "<group>"; };
		578406852AF6FA2C0045D4BB /* DeleteResponse.swift */ = {isa = PBXFileReference; lastKnownFileType = sourcecode.swift; path = DeleteResponse.swift; sourceTree = "<group>"; };
		5795FA91286E1288007E60DF /* car-thingy_SwiftUI.app */ = {isa = PBXFileReference; explicitFileType = wrapper.application; includeInIndex = 0; path = "car-thingy_SwiftUI.app"; sourceTree = BUILT_PRODUCTS_DIR; };
		5795FA94286E1288007E60DF /* NodeJS_Thingy_CarsApp.swift */ = {isa = PBXFileReference; lastKnownFileType = sourcecode.swift; path = NodeJS_Thingy_CarsApp.swift; sourceTree = "<group>"; };
		5795FA96286E1288007E60DF /* ContentView.swift */ = {isa = PBXFileReference; lastKnownFileType = sourcecode.swift; path = ContentView.swift; sourceTree = "<group>"; };
		5795FA98286E1289007E60DF /* Assets.xcassets */ = {isa = PBXFileReference; lastKnownFileType = folder.assetcatalog; path = Assets.xcassets; sourceTree = "<group>"; };
		5795FA9B286E1289007E60DF /* Preview Assets.xcassets */ = {isa = PBXFileReference; lastKnownFileType = folder.assetcatalog; path = "Preview Assets.xcassets"; sourceTree = "<group>"; };
		57A49F2E2871EC85006A2712 /* DetailView.swift */ = {isa = PBXFileReference; lastKnownFileType = sourcecode.swift; path = DetailView.swift; sourceTree = "<group>"; };
		57A49F302871EEA0006A2712 /* Car.swift */ = {isa = PBXFileReference; lastKnownFileType = sourcecode.swift; path = Car.swift; sourceTree = "<group>"; };
		57A49F322871EFE2006A2712 /* CarResponse.swift */ = {isa = PBXFileReference; lastKnownFileType = sourcecode.swift; path = CarResponse.swift; sourceTree = "<group>"; };
		57A49F392872349B006A2712 /* Database.swift */ = {isa = PBXFileReference; lastKnownFileType = sourcecode.swift; path = Database.swift; sourceTree = "<group>"; };
		57A979312878B2980024EAA0 /* NewCarView.swift */ = {isa = PBXFileReference; lastKnownFileType = sourcecode.swift; path = NewCarView.swift; sourceTree = "<group>"; };
		57AFE3BA28CE2C2700837E0F /* LocationManager.swift */ = {isa = PBXFileReference; lastKnownFileType = sourcecode.swift; path = LocationManager.swift; sourceTree = "<group>"; };
		57B3439F2AEDA2B00092AB78 /* InspectionResponse.swift */ = {isa = PBXFileReference; lastKnownFileType = sourcecode.swift; path = InspectionResponse.swift; sourceTree = "<group>"; };
		57B343A12AF05E5C0092AB78 /* Websocket.swift */ = {isa = PBXFileReference; lastKnownFileType = sourcecode.swift; path = Websocket.swift; sourceTree = "<group>"; };
		57B343A32AF05EB20092AB78 /* QueryViewModel.swift */ = {isa = PBXFileReference; lastKnownFileType = sourcecode.swift; path = QueryViewModel.swift; sourceTree = "<group>"; };
		57B343A52AF065D20092AB78 /* QuerySheetViewModel.swift */ = {isa = PBXFileReference; lastKnownFileType = sourcecode.swift; path = QuerySheetViewModel.swift; sourceTree = "<group>"; };
		57BA6B162A5466F6005C447C /* SpecView.swift */ = {isa = PBXFileReference; lastKnownFileType = sourcecode.swift; path = SpecView.swift; sourceTree = "<group>"; };
		57BD24732A4EE6A6000508A3 /* InspectionView.swift */ = {isa = PBXFileReference; lastKnownFileType = sourcecode.swift; path = InspectionView.swift; sourceTree = "<group>"; };
		57BD24752A4EF455000508A3 /* TestCar.swift */ = {isa = PBXFileReference; lastKnownFileType = sourcecode.swift; path = TestCar.swift; sourceTree = "<group>"; };
		57BD24772A4F37AF000508A3 /* InspectionImageViewer.swift */ = {isa = PBXFileReference; lastKnownFileType = sourcecode.swift; path = InspectionImageViewer.swift; sourceTree = "<group>"; };
		57C5F1602B000037005F40CC /* NewCarViewModel.swift */ = {isa = PBXFileReference; lastKnownFileType = sourcecode.swift; path = NewCarViewModel.swift; sourceTree = "<group>"; };
		57C5F1622B000EF3005F40CC /* MapView.swift */ = {isa = PBXFileReference; lastKnownFileType = sourcecode.swift; path = MapView.swift; sourceTree = "<group>"; };
		57C5F1662B001162005F40CC /* MapViewModel.swift */ = {isa = PBXFileReference; lastKnownFileType = sourcecode.swift; path = MapViewModel.swift; sourceTree = "<group>"; };
		57C5F1692B00279D005F40CC /* MapDetailView.swift */ = {isa = PBXFileReference; lastKnownFileType = sourcecode.swift; path = MapDetailView.swift; sourceTree = "<group>"; };
		57D3DE822AF9072F005A172E /* GoResponse.swift */ = {isa = PBXFileReference; lastKnownFileType = sourcecode.swift; path = GoResponse.swift; sourceTree = "<group>"; };
		57D80CEA2A59FF4D0000CCFB /* MyCarsView.swift */ = {isa = PBXFileReference; lastKnownFileType = sourcecode.swift; path = MyCarsView.swift; sourceTree = "<group>"; };
		57D80CEC2A59FF680000CCFB /* SharedViewData.swift */ = {isa = PBXFileReference; lastKnownFileType = sourcecode.swift; path = SharedViewData.swift; sourceTree = "<group>"; };
		57F0F257288BEEFA0052D566 /* car-thingy_SwiftUI.entitlements */ = {isa = PBXFileReference; lastKnownFileType = text.plist.entitlements; path = "car-thingy_SwiftUI.entitlements"; sourceTree = "<group>"; };
		57F6F70128CBA1F7008983FF /* car-thingy_SwiftUI-Info.plist */ = {isa = PBXFileReference; lastKnownFileType = text.plist.xml; path = "car-thingy_SwiftUI-Info.plist"; sourceTree = SOURCE_ROOT; };
/* End PBXFileReference section */

/* Begin PBXFrameworksBuildPhase section */
		5795FA8E286E1288007E60DF /* Frameworks */ = {
			isa = PBXFrameworksBuildPhase;
			buildActionMask = 2147483647;
			files = (
				5775A7EE2B2902FA00096E63 /* CocoaLumberjack in Frameworks */,
				575DD1002B02AAEC001027A9 /* LazyPager in Frameworks */,
				5775A7F22B2902FA00096E63 /* CocoaLumberjackSwiftLogBackend in Frameworks */,
				5775A7F02B2902FA00096E63 /* CocoaLumberjackSwift in Frameworks */,
			);
			runOnlyForDeploymentPostprocessing = 0;
		};
/* End PBXFrameworksBuildPhase section */

/* Begin PBXGroup section */
		571F9D2C2CA9C50C00728DB6 /* StatisticsViews */ = {
			isa = PBXGroup;
			children = (
				571F9D2B2CA9C50C00728DB6 /* StatisticsView.swift */,
				571F9D2E2CA9C52700728DB6 /* StatisticsViewModel.swift */,
			);
			path = StatisticsViews;
			sourceTree = "<group>";
		};
		57563E872A1A7BE20051B0F1 /* Query */ = {
			isa = PBXGroup;
			children = (
				57563E832A1A78E30051B0F1 /* CarQuery.swift */,
				57563E882A1A7D320051B0F1 /* CarQueryResponse.swift */,
				570409572AD5A77F00D26228 /* WebsocketResponse.swift */,
				57B3439F2AEDA2B00092AB78 /* InspectionResponse.swift */,
			);
			path = Query;
			sourceTree = "<group>";
		};
		57563E902A1ABD240051B0F1 /* QueryViews */ = {
			isa = PBXGroup;
			children = (
				57563E8A2A1A826F0051B0F1 /* QueryView.swift */,
				57563E8E2A1A94830051B0F1 /* QuerySheetView.swift */,
				57F0D3BB2AF1844C00764447 /* Subviews */,
				57BD24752A4EF455000508A3 /* TestCar.swift */,
				57B343A32AF05EB20092AB78 /* QueryViewModel.swift */,
				57B343A52AF065D20092AB78 /* QuerySheetViewModel.swift */,
			);
			path = QueryViews;
			sourceTree = "<group>";
		};
		577C6546289595A300397961 /* Controller */ = {
			isa = PBXGroup;
			children = (
				577C65432895958500397961 /* HTTPController.swift */,
				57AFE3BA28CE2C2700837E0F /* LocationManager.swift */,
				57B343A12AF05E5C0092AB78 /* Websocket.swift */,
			);
			path = Controller;
			sourceTree = "<group>";
		};
		5795FA88286E1288007E60DF = {
			isa = PBXGroup;
			children = (
				5795FA93286E1288007E60DF /* car-thingy_SwiftUI */,
				5795FA92286E1288007E60DF /* Products */,
			);
			sourceTree = "<group>";
		};
		5795FA92286E1288007E60DF /* Products */ = {
			isa = PBXGroup;
			children = (
				5795FA91286E1288007E60DF /* car-thingy_SwiftUI.app */,
			);
			name = Products;
			sourceTree = "<group>";
		};
		5795FA93286E1288007E60DF /* car-thingy_SwiftUI */ = {
			isa = PBXGroup;
			children = (
				57F6F70128CBA1F7008983FF /* car-thingy_SwiftUI-Info.plist */,
				57F0F257288BEEFA0052D566 /* car-thingy_SwiftUI.entitlements */,
				5795FA94286E1288007E60DF /* NodeJS_Thingy_CarsApp.swift */,
				57D80D092A5A13320000CCFB /* SharedData */,
				57A49F342871EFF8006A2712 /* Model */,
				57A49F352871F001006A2712 /* View */,
				577C6546289595A300397961 /* Controller */,
				5795FA98286E1289007E60DF /* Assets.xcassets */,
				5795FA9A286E1289007E60DF /* Preview Content */,
				57A49F392872349B006A2712 /* Database.swift */,
			);
			path = "car-thingy_SwiftUI";
			sourceTree = "<group>";
		};
		5795FA9A286E1289007E60DF /* Preview Content */ = {
			isa = PBXGroup;
			children = (
				5795FA9B286E1289007E60DF /* Preview Assets.xcassets */,
			);
			path = "Preview Content";
			sourceTree = "<group>";
		};
		57A49F342871EFF8006A2712 /* Model */ = {
			isa = PBXGroup;
			children = (
				571F9D232CA998F200728DB6 /* Statistics.swift */,
				572F0ABC2A1EB48500D73E15 /* Accident.swift */,
				57A49F302871EEA0006A2712 /* Car.swift */,
				57A49F322871EFE2006A2712 /* CarResponse.swift */,
				578406852AF6FA2C0045D4BB /* DeleteResponse.swift */,
				57D3DE822AF9072F005A172E /* GoResponse.swift */,
				57563E852A1A7BDC0051B0F1 /* Inspection.swift */,
				57563E952A1AC2290051B0F1 /* Mileage.swift */,
				57563E872A1A7BE20051B0F1 /* Query */,
				578406832AF6EBF00045D4BB /* Restriction.swift */,
			);
			path = Model;
			sourceTree = "<group>";
		};
		57A49F352871F001006A2712 /* View */ = {
			isa = PBXGroup;
			children = (
				571F9D2C2CA9C50C00728DB6 /* StatisticsViews */,
				5795FA96286E1288007E60DF /* ContentView.swift */,
				57D80D082A5A13170000CCFB /* MyCarViews */,
				57563E902A1ABD240051B0F1 /* QueryViews */,
				57BA6B162A5466F6005C447C /* SpecView.swift */,
				57C5F1682B00277F005F40CC /* MapViews */,
			);
			path = View;
			sourceTree = "<group>";
		};
		57C5F1682B00277F005F40CC /* MapViews */ = {
			isa = PBXGroup;
			children = (
				57C5F1622B000EF3005F40CC /* MapView.swift */,
				57C5F1662B001162005F40CC /* MapViewModel.swift */,
				57C5F1692B00279D005F40CC /* MapDetailView.swift */,
			);
			path = MapViews;
			sourceTree = "<group>";
		};
		57D80D082A5A13170000CCFB /* MyCarViews */ = {
			isa = PBXGroup;
			children = (
				57A49F2E2871EC85006A2712 /* DetailView.swift */,
				57A979312878B2980024EAA0 /* NewCarView.swift */,
				57D80CEA2A59FF4D0000CCFB /* MyCarsView.swift */,
				57C5F1602B000037005F40CC /* NewCarViewModel.swift */,
			);
			path = MyCarViews;
			sourceTree = "<group>";
		};
		57D80D092A5A13320000CCFB /* SharedData */ = {
			isa = PBXGroup;
			children = (
				57D80CEC2A59FF680000CCFB /* SharedViewData.swift */,
			);
			path = SharedData;
			sourceTree = "<group>";
		};
		57F0D3BB2AF1844C00764447 /* Subviews */ = {
			isa = PBXGroup;
			children = (
				57563E912A1ABD530051B0F1 /* MileageView.swift */,
				57BD24732A4EE6A6000508A3 /* InspectionView.swift */,
				57BD24772A4F37AF000508A3 /* InspectionImageViewer.swift */,
				575DD0FC2B018797001027A9 /* InspectionsView.swift */,
				5771424D2B136E0000CF049B /* DateView.swift */,
			);
			path = Subviews;
			sourceTree = "<group>";
		};
/* End PBXGroup section */

/* Begin PBXNativeTarget section */
		5795FA90286E1288007E60DF /* car-thingy_SwiftUI */ = {
			isa = PBXNativeTarget;
			buildConfigurationList = 5795FA9F286E1289007E60DF /* Build configuration list for PBXNativeTarget "car-thingy_SwiftUI" */;
			buildPhases = (
				5795FA8D286E1288007E60DF /* Sources */,
				5795FA8E286E1288007E60DF /* Frameworks */,
				5795FA8F286E1288007E60DF /* Resources */,
			);
			buildRules = (
			);
			dependencies = (
			);
			name = "car-thingy_SwiftUI";
			packageProductDependencies = (
				575DD0FF2B02AAEC001027A9 /* LazyPager */,
				5775A7ED2B2902FA00096E63 /* CocoaLumberjack */,
				5775A7EF2B2902FA00096E63 /* CocoaLumberjackSwift */,
				5775A7F12B2902FA00096E63 /* CocoaLumberjackSwiftLogBackend */,
			);
			productName = NodeJS_Thingy_Cars;
			productReference = 5795FA91286E1288007E60DF /* car-thingy_SwiftUI.app */;
			productType = "com.apple.product-type.application";
		};
/* End PBXNativeTarget section */

/* Begin PBXProject section */
		5795FA89286E1288007E60DF /* Project object */ = {
			isa = PBXProject;
			attributes = {
				BuildIndependentTargetsInParallel = 1;
				LastSwiftUpdateCheck = 1400;
				LastUpgradeCheck = 1400;
				TargetAttributes = {
					5795FA90286E1288007E60DF = {
						CreatedOnToolsVersion = 14.0;
					};
				};
			};
			buildConfigurationList = 5795FA8C286E1288007E60DF /* Build configuration list for PBXProject "car-thingy_SwiftUI" */;
			compatibilityVersion = "Xcode 14.0";
			developmentRegion = en;
			hasScannedForEncodings = 0;
			knownRegions = (
				en,
				Base,
			);
			mainGroup = 5795FA88286E1288007E60DF;
			packageReferences = (
				575DD0FE2B02AAEC001027A9 /* XCRemoteSwiftPackageReference "LazyPager" */,
				5775A7EC2B2902FA00096E63 /* XCRemoteSwiftPackageReference "CocoaLumberjack" */,
			);
			productRefGroup = 5795FA92286E1288007E60DF /* Products */;
			projectDirPath = "";
			projectRoot = "";
			targets = (
				5795FA90286E1288007E60DF /* car-thingy_SwiftUI */,
			);
		};
/* End PBXProject section */

/* Begin PBXResourcesBuildPhase section */
		5795FA8F286E1288007E60DF /* Resources */ = {
			isa = PBXResourcesBuildPhase;
			buildActionMask = 2147483647;
			files = (
				5795FA9C286E1289007E60DF /* Preview Assets.xcassets in Resources */,
				5795FA99286E1289007E60DF /* Assets.xcassets in Resources */,
			);
			runOnlyForDeploymentPostprocessing = 0;
		};
/* End PBXResourcesBuildPhase section */

/* Begin PBXSourcesBuildPhase section */
		5795FA8D286E1288007E60DF /* Sources */ = {
			isa = PBXSourcesBuildPhase;
			buildActionMask = 2147483647;
			files = (
				57A49F3A2872349B006A2712 /* Database.swift in Sources */,
				57563E8B2A1A826F0051B0F1 /* QueryView.swift in Sources */,
				57D80CEB2A59FF4D0000CCFB /* MyCarsView.swift in Sources */,
				571F9D2F2CA9C52700728DB6 /* StatisticsViewModel.swift in Sources */,
				5795FA97286E1288007E60DF /* ContentView.swift in Sources */,
				57C5F1612B000037005F40CC /* NewCarViewModel.swift in Sources */,
				57A49F2F2871EC85006A2712 /* DetailView.swift in Sources */,
				578406862AF6FA2C0045D4BB /* DeleteResponse.swift in Sources */,
				577C65442895958500397961 /* HTTPController.swift in Sources */,
				57B343A22AF05E5C0092AB78 /* Websocket.swift in Sources */,
				5771424E2B136E0000CF049B /* DateView.swift in Sources */,
				575DD0FD2B018797001027A9 /* InspectionsView.swift in Sources */,
				57C5F1672B001162005F40CC /* MapViewModel.swift in Sources */,
				57B343A02AEDA2B00092AB78 /* InspectionResponse.swift in Sources */,
				57563E962A1AC2290051B0F1 /* Mileage.swift in Sources */,
				57563E842A1A78E30051B0F1 /* CarQuery.swift in Sources */,
				57563E922A1ABD530051B0F1 /* MileageView.swift in Sources */,
				57D80CED2A59FF680000CCFB /* SharedViewData.swift in Sources */,
				57A49F312871EEA0006A2712 /* Car.swift in Sources */,
				57BD24762A4EF455000508A3 /* TestCar.swift in Sources */,
				57B343A62AF065D20092AB78 /* QuerySheetViewModel.swift in Sources */,
				572F0ABD2A1EB48600D73E15 /* Accident.swift in Sources */,
				57D3DE832AF9072F005A172E /* GoResponse.swift in Sources */,
				57BD24782A4F37AF000508A3 /* InspectionImageViewer.swift in Sources */,
				57563E892A1A7D320051B0F1 /* CarQueryResponse.swift in Sources */,
				570409582AD5A77F00D26228 /* WebsocketResponse.swift in Sources */,
				57C5F1632B000EF3005F40CC /* MapView.swift in Sources */,
				571F9D242CA998F900728DB6 /* Statistics.swift in Sources */,
				57563E8F2A1A94830051B0F1 /* QuerySheetView.swift in Sources */,
				57B343A42AF05EB20092AB78 /* QueryViewModel.swift in Sources */,
				578406842AF6EBF00045D4BB /* Restriction.swift in Sources */,
				57BD24742A4EE6A6000508A3 /* InspectionView.swift in Sources */,
				571F9D2D2CA9C50C00728DB6 /* StatisticsView.swift in Sources */,
				57563E862A1A7BDC0051B0F1 /* Inspection.swift in Sources */,
				57AFE3BB28CE2C2700837E0F /* LocationManager.swift in Sources */,
				57C5F16A2B00279D005F40CC /* MapDetailView.swift in Sources */,
				5795FA95286E1288007E60DF /* NodeJS_Thingy_CarsApp.swift in Sources */,
				57A49F332871EFE2006A2712 /* CarResponse.swift in Sources */,
				57A979322878B2980024EAA0 /* NewCarView.swift in Sources */,
				57BA6B172A5466F6005C447C /* SpecView.swift in Sources */,
			);
			runOnlyForDeploymentPostprocessing = 0;
		};
/* End PBXSourcesBuildPhase section */

/* Begin XCBuildConfiguration section */
		5795FA9D286E1289007E60DF /* Debug */ = {
			isa = XCBuildConfiguration;
			buildSettings = {
				ALWAYS_SEARCH_USER_PATHS = NO;
				CLANG_ANALYZER_NONNULL = YES;
				CLANG_ANALYZER_NUMBER_OBJECT_CONVERSION = YES_AGGRESSIVE;
				CLANG_CXX_LANGUAGE_STANDARD = "gnu++17";
				CLANG_ENABLE_MODULES = YES;
				CLANG_ENABLE_OBJC_ARC = YES;
				CLANG_ENABLE_OBJC_WEAK = YES;
				CLANG_WARN_BLOCK_CAPTURE_AUTORELEASING = YES;
				CLANG_WARN_BOOL_CONVERSION = YES;
				CLANG_WARN_COMMA = YES;
				CLANG_WARN_CONSTANT_CONVERSION = YES;
				CLANG_WARN_DEPRECATED_OBJC_IMPLEMENTATIONS = YES;
				CLANG_WARN_DIRECT_OBJC_ISA_USAGE = YES_ERROR;
				CLANG_WARN_DOCUMENTATION_COMMENTS = YES;
				CLANG_WARN_EMPTY_BODY = YES;
				CLANG_WARN_ENUM_CONVERSION = YES;
				CLANG_WARN_INFINITE_RECURSION = YES;
				CLANG_WARN_INT_CONVERSION = YES;
				CLANG_WARN_NON_LITERAL_NULL_CONVERSION = YES;
				CLANG_WARN_OBJC_IMPLICIT_RETAIN_SELF = YES;
				CLANG_WARN_OBJC_LITERAL_CONVERSION = YES;
				CLANG_WARN_OBJC_ROOT_CLASS = YES_ERROR;
				CLANG_WARN_QUOTED_INCLUDE_IN_FRAMEWORK_HEADER = YES;
				CLANG_WARN_RANGE_LOOP_ANALYSIS = YES;
				CLANG_WARN_STRICT_PROTOTYPES = YES;
				CLANG_WARN_SUSPICIOUS_MOVE = YES;
				CLANG_WARN_UNGUARDED_AVAILABILITY = YES_AGGRESSIVE;
				CLANG_WARN_UNREACHABLE_CODE = YES;
				CLANG_WARN__DUPLICATE_METHOD_MATCH = YES;
				COPY_PHASE_STRIP = NO;
				DEBUG_INFORMATION_FORMAT = dwarf;
				ENABLE_STRICT_OBJC_MSGSEND = YES;
				ENABLE_TESTABILITY = YES;
				GCC_C_LANGUAGE_STANDARD = gnu11;
				GCC_DYNAMIC_NO_PIC = NO;
				GCC_NO_COMMON_BLOCKS = YES;
				GCC_OPTIMIZATION_LEVEL = 0;
				GCC_PREPROCESSOR_DEFINITIONS = (
					"DEBUG=1",
					"$(inherited)",
				);
				GCC_WARN_64_TO_32_BIT_CONVERSION = YES;
				GCC_WARN_ABOUT_RETURN_TYPE = YES_ERROR;
				GCC_WARN_UNDECLARED_SELECTOR = YES;
				GCC_WARN_UNINITIALIZED_AUTOS = YES_AGGRESSIVE;
				GCC_WARN_UNUSED_FUNCTION = YES;
				GCC_WARN_UNUSED_VARIABLE = YES;
				IPHONEOS_DEPLOYMENT_TARGET = 16.0;
				MTL_ENABLE_DEBUG_INFO = INCLUDE_SOURCE;
				MTL_FAST_MATH = YES;
				ONLY_ACTIVE_ARCH = YES;
				SDKROOT = iphoneos;
				SWIFT_ACTIVE_COMPILATION_CONDITIONS = DEBUG;
				SWIFT_OPTIMIZATION_LEVEL = "-Onone";
			};
			name = Debug;
		};
		5795FA9E286E1289007E60DF /* Release */ = {
			isa = XCBuildConfiguration;
			buildSettings = {
				ALWAYS_SEARCH_USER_PATHS = NO;
				CLANG_ANALYZER_NONNULL = YES;
				CLANG_ANALYZER_NUMBER_OBJECT_CONVERSION = YES_AGGRESSIVE;
				CLANG_CXX_LANGUAGE_STANDARD = "gnu++17";
				CLANG_ENABLE_MODULES = YES;
				CLANG_ENABLE_OBJC_ARC = YES;
				CLANG_ENABLE_OBJC_WEAK = YES;
				CLANG_WARN_BLOCK_CAPTURE_AUTORELEASING = YES;
				CLANG_WARN_BOOL_CONVERSION = YES;
				CLANG_WARN_COMMA = YES;
				CLANG_WARN_CONSTANT_CONVERSION = YES;
				CLANG_WARN_DEPRECATED_OBJC_IMPLEMENTATIONS = YES;
				CLANG_WARN_DIRECT_OBJC_ISA_USAGE = YES_ERROR;
				CLANG_WARN_DOCUMENTATION_COMMENTS = YES;
				CLANG_WARN_EMPTY_BODY = YES;
				CLANG_WARN_ENUM_CONVERSION = YES;
				CLANG_WARN_INFINITE_RECURSION = YES;
				CLANG_WARN_INT_CONVERSION = YES;
				CLANG_WARN_NON_LITERAL_NULL_CONVERSION = YES;
				CLANG_WARN_OBJC_IMPLICIT_RETAIN_SELF = YES;
				CLANG_WARN_OBJC_LITERAL_CONVERSION = YES;
				CLANG_WARN_OBJC_ROOT_CLASS = YES_ERROR;
				CLANG_WARN_QUOTED_INCLUDE_IN_FRAMEWORK_HEADER = YES;
				CLANG_WARN_RANGE_LOOP_ANALYSIS = YES;
				CLANG_WARN_STRICT_PROTOTYPES = YES;
				CLANG_WARN_SUSPICIOUS_MOVE = YES;
				CLANG_WARN_UNGUARDED_AVAILABILITY = YES_AGGRESSIVE;
				CLANG_WARN_UNREACHABLE_CODE = YES;
				CLANG_WARN__DUPLICATE_METHOD_MATCH = YES;
				COPY_PHASE_STRIP = NO;
				DEBUG_INFORMATION_FORMAT = "dwarf-with-dsym";
				ENABLE_NS_ASSERTIONS = NO;
				ENABLE_STRICT_OBJC_MSGSEND = YES;
				GCC_C_LANGUAGE_STANDARD = gnu11;
				GCC_NO_COMMON_BLOCKS = YES;
				GCC_WARN_64_TO_32_BIT_CONVERSION = YES;
				GCC_WARN_ABOUT_RETURN_TYPE = YES_ERROR;
				GCC_WARN_UNDECLARED_SELECTOR = YES;
				GCC_WARN_UNINITIALIZED_AUTOS = YES_AGGRESSIVE;
				GCC_WARN_UNUSED_FUNCTION = YES;
				GCC_WARN_UNUSED_VARIABLE = YES;
				IPHONEOS_DEPLOYMENT_TARGET = 16.0;
				MTL_ENABLE_DEBUG_INFO = NO;
				MTL_FAST_MATH = YES;
				SDKROOT = iphoneos;
				SWIFT_COMPILATION_MODE = wholemodule;
				SWIFT_OPTIMIZATION_LEVEL = "-O";
				VALIDATE_PRODUCT = YES;
			};
			name = Release;
		};
		5795FAA0286E1289007E60DF /* Debug */ = {
			isa = XCBuildConfiguration;
			buildSettings = {
				ASSETCATALOG_COMPILER_APPICON_NAME = AppIcon;
				ASSETCATALOG_COMPILER_GLOBAL_ACCENT_COLOR_NAME = AccentColor;
				CODE_SIGN_ENTITLEMENTS = "car-thingy_SwiftUI/car-thingy_SwiftUI.entitlements";
				"CODE_SIGN_IDENTITY[sdk=macosx*]" = "Apple Development";
				CODE_SIGN_STYLE = Automatic;
				CURRENT_PROJECT_VERSION = 407;
				DEVELOPMENT_ASSET_PATHS = "\"car-thingy_SwiftUI/Preview Content\"";
				DEVELOPMENT_TEAM = 5PACNS2J38;
				ENABLE_PREVIEWS = YES;
				GENERATE_INFOPLIST_FILE = YES;
				INFOPLIST_FILE = "car-thingy_SwiftUI-Info.plist";
				INFOPLIST_KEY_NSLocationWhenInUseUsageDescription = "heeee?";
				INFOPLIST_KEY_UIApplicationSceneManifest_Generation = YES;
				INFOPLIST_KEY_UIApplicationSupportsIndirectInputEvents = YES;
				INFOPLIST_KEY_UILaunchScreen_Generation = YES;
				INFOPLIST_KEY_UISupportedInterfaceOrientations_iPad = "UIInterfaceOrientationPortrait UIInterfaceOrientationPortraitUpsideDown UIInterfaceOrientationLandscapeLeft UIInterfaceOrientationLandscapeRight";
				INFOPLIST_KEY_UISupportedInterfaceOrientations_iPhone = "UIInterfaceOrientationPortrait UIInterfaceOrientationLandscapeLeft UIInterfaceOrientationLandscapeRight";
				IPHONEOS_DEPLOYMENT_TARGET = 17.0;
				LD_RUNPATH_SEARCH_PATHS = (
					"$(inherited)",
					"@executable_path/Frameworks",
				);
				MARKETING_VERSION = 6.2;
				PRODUCT_BUNDLE_IDENTIFIER = "com.sc4n1a.car-thingy-SwiftUI";
				PRODUCT_NAME = "$(TARGET_NAME)";
				SUPPORTED_PLATFORMS = "iphoneos iphonesimulator macosx";
				SUPPORTS_MACCATALYST = YES;
				SUPPORTS_MAC_DESIGNED_FOR_IPHONE_IPAD = NO;
				SWIFT_EMIT_LOC_STRINGS = YES;
				SWIFT_VERSION = 5.0;
				TARGETED_DEVICE_FAMILY = "1,2";
				VERSIONING_SYSTEM = "apple-generic";
			};
			name = Debug;
		};
		5795FAA1286E1289007E60DF /* Release */ = {
			isa = XCBuildConfiguration;
			buildSettings = {
				ASSETCATALOG_COMPILER_APPICON_NAME = AppIcon;
				ASSETCATALOG_COMPILER_GLOBAL_ACCENT_COLOR_NAME = AccentColor;
				CODE_SIGN_ENTITLEMENTS = "car-thingy_SwiftUI/car-thingy_SwiftUI.entitlements";
				"CODE_SIGN_IDENTITY[sdk=macosx*]" = "Apple Development";
				CODE_SIGN_STYLE = Automatic;
				CURRENT_PROJECT_VERSION = 407;
				DEVELOPMENT_ASSET_PATHS = "\"car-thingy_SwiftUI/Preview Content\"";
				DEVELOPMENT_TEAM = 5PACNS2J38;
				ENABLE_PREVIEWS = YES;
				GENERATE_INFOPLIST_FILE = YES;
				INFOPLIST_FILE = "car-thingy_SwiftUI-Info.plist";
				INFOPLIST_KEY_NSLocationWhenInUseUsageDescription = "heeee?";
				INFOPLIST_KEY_UIApplicationSceneManifest_Generation = YES;
				INFOPLIST_KEY_UIApplicationSupportsIndirectInputEvents = YES;
				INFOPLIST_KEY_UILaunchScreen_Generation = YES;
				INFOPLIST_KEY_UISupportedInterfaceOrientations_iPad = "UIInterfaceOrientationPortrait UIInterfaceOrientationPortraitUpsideDown UIInterfaceOrientationLandscapeLeft UIInterfaceOrientationLandscapeRight";
				INFOPLIST_KEY_UISupportedInterfaceOrientations_iPhone = "UIInterfaceOrientationPortrait UIInterfaceOrientationLandscapeLeft UIInterfaceOrientationLandscapeRight";
				IPHONEOS_DEPLOYMENT_TARGET = 17.0;
				LD_RUNPATH_SEARCH_PATHS = (
					"$(inherited)",
					"@executable_path/Frameworks",
				);
				MARKETING_VERSION = 6.2;
				PRODUCT_BUNDLE_IDENTIFIER = "com.sc4n1a.car-thingy-SwiftUI";
				PRODUCT_NAME = "$(TARGET_NAME)";
				SUPPORTED_PLATFORMS = "iphoneos iphonesimulator macosx";
				SUPPORTS_MACCATALYST = YES;
				SUPPORTS_MAC_DESIGNED_FOR_IPHONE_IPAD = NO;
				SWIFT_EMIT_LOC_STRINGS = YES;
				SWIFT_VERSION = 5.0;
				TARGETED_DEVICE_FAMILY = "1,2";
				VERSIONING_SYSTEM = "apple-generic";
			};
			name = Release;
		};
/* End XCBuildConfiguration section */

/* Begin XCConfigurationList section */
		5795FA8C286E1288007E60DF /* Build configuration list for PBXProject "car-thingy_SwiftUI" */ = {
			isa = XCConfigurationList;
			buildConfigurations = (
				5795FA9D286E1289007E60DF /* Debug */,
				5795FA9E286E1289007E60DF /* Release */,
			);
			defaultConfigurationIsVisible = 0;
			defaultConfigurationName = Release;
		};
		5795FA9F286E1289007E60DF /* Build configuration list for PBXNativeTarget "car-thingy_SwiftUI" */ = {
			isa = XCConfigurationList;
			buildConfigurations = (
				5795FAA0286E1289007E60DF /* Debug */,
				5795FAA1286E1289007E60DF /* Release */,
			);
			defaultConfigurationIsVisible = 0;
			defaultConfigurationName = Release;
		};
/* End XCConfigurationList section */

/* Begin XCRemoteSwiftPackageReference section */
		575DD0FE2B02AAEC001027A9 /* XCRemoteSwiftPackageReference "LazyPager" */ = {
			isa = XCRemoteSwiftPackageReference;
			repositoryURL = "https://github.com/gh123man/LazyPager";
			requirement = {
				kind = upToNextMajorVersion;
				minimumVersion = 1.0.5;
			};
		};
		5775A7EC2B2902FA00096E63 /* XCRemoteSwiftPackageReference "CocoaLumberjack" */ = {
			isa = XCRemoteSwiftPackageReference;
			repositoryURL = "https://github.com/CocoaLumberjack/CocoaLumberjack";
			requirement = {
				kind = upToNextMajorVersion;
				minimumVersion = 3.8.2;
			};
		};
/* End XCRemoteSwiftPackageReference section */

/* Begin XCSwiftPackageProductDependency section */
		575DD0FF2B02AAEC001027A9 /* LazyPager */ = {
			isa = XCSwiftPackageProductDependency;
			package = 575DD0FE2B02AAEC001027A9 /* XCRemoteSwiftPackageReference "LazyPager" */;
			productName = LazyPager;
		};
		5775A7ED2B2902FA00096E63 /* CocoaLumberjack */ = {
			isa = XCSwiftPackageProductDependency;
			package = 5775A7EC2B2902FA00096E63 /* XCRemoteSwiftPackageReference "CocoaLumberjack" */;
			productName = CocoaLumberjack;
		};
		5775A7EF2B2902FA00096E63 /* CocoaLumberjackSwift */ = {
			isa = XCSwiftPackageProductDependency;
			package = 5775A7EC2B2902FA00096E63 /* XCRemoteSwiftPackageReference "CocoaLumberjack" */;
			productName = CocoaLumberjackSwift;
		};
		5775A7F12B2902FA00096E63 /* CocoaLumberjackSwiftLogBackend */ = {
			isa = XCSwiftPackageProductDependency;
			package = 5775A7EC2B2902FA00096E63 /* XCRemoteSwiftPackageReference "CocoaLumberjack" */;
			productName = CocoaLumberjackSwiftLogBackend;
		};
/* End XCSwiftPackageProductDependency section */
	};
	rootObject = 5795FA89286E1288007E60DF /* Project object */;
}
