// !$*UTF8*$!
{
	archiveVersion = 1;
	classes = {
	};
	objectVersion = 56;
	objects = {

/* Begin PBXBuildFile section */
		5724D1AA28B0F9A7004768B8 /* Brand.swift in Sources */ = {isa = PBXBuildFile; fileRef = 5724D1A928B0F9A7004768B8 /* Brand.swift */; };
		577C65442895958500397961 /* HTTPController.swift in Sources */ = {isa = PBXBuildFile; fileRef = 577C65432895958500397961 /* HTTPController.swift */; };
		5795FA95286E1288007E60DF /* NodeJS_Thingy_CarsApp.swift in Sources */ = {isa = PBXBuildFile; fileRef = 5795FA94286E1288007E60DF /* NodeJS_Thingy_CarsApp.swift */; };
		5795FA97286E1288007E60DF /* ContentView.swift in Sources */ = {isa = PBXBuildFile; fileRef = 5795FA96286E1288007E60DF /* ContentView.swift */; };
		5795FA99286E1289007E60DF /* Assets.xcassets in Resources */ = {isa = PBXBuildFile; fileRef = 5795FA98286E1289007E60DF /* Assets.xcassets */; };
		5795FA9C286E1289007E60DF /* Preview Assets.xcassets in Resources */ = {isa = PBXBuildFile; fileRef = 5795FA9B286E1289007E60DF /* Preview Assets.xcassets */; };
		57A49F2F2871EC85006A2712 /* DetailView.swift in Sources */ = {isa = PBXBuildFile; fileRef = 57A49F2E2871EC85006A2712 /* DetailView.swift */; };
		57A49F312871EEA0006A2712 /* Car.swift in Sources */ = {isa = PBXBuildFile; fileRef = 57A49F302871EEA0006A2712 /* Car.swift */; };
		57A49F332871EFE2006A2712 /* Response.swift in Sources */ = {isa = PBXBuildFile; fileRef = 57A49F322871EFE2006A2712 /* Response.swift */; };
		57A49F3A2872349B006A2712 /* Database.swift in Sources */ = {isa = PBXBuildFile; fileRef = 57A49F392872349B006A2712 /* Database.swift */; };
		57A979322878B2980024EAA0 /* NewCarView.swift in Sources */ = {isa = PBXBuildFile; fileRef = 57A979312878B2980024EAA0 /* NewCarView.swift */; };
		57AFE3BB28CE2C2700837E0F /* LocationManager.swift in Sources */ = {isa = PBXBuildFile; fileRef = 57AFE3BA28CE2C2700837E0F /* LocationManager.swift */; };
		57D9B0F828BFCF1B001DFB09 /* CarData.swift in Sources */ = {isa = PBXBuildFile; fileRef = 57D9B0F728BFCF1B001DFB09 /* CarData.swift */; };
/* End PBXBuildFile section */

/* Begin PBXFileReference section */
		5724D1A928B0F9A7004768B8 /* Brand.swift */ = {isa = PBXFileReference; lastKnownFileType = sourcecode.swift; path = Brand.swift; sourceTree = "<group>"; };
		577C65432895958500397961 /* HTTPController.swift */ = {isa = PBXFileReference; lastKnownFileType = sourcecode.swift; path = HTTPController.swift; sourceTree = "<group>"; };
		5795FA91286E1288007E60DF /* NodeJS_Thingy_Cars.app */ = {isa = PBXFileReference; explicitFileType = wrapper.application; includeInIndex = 0; path = NodeJS_Thingy_Cars.app; sourceTree = BUILT_PRODUCTS_DIR; };
		5795FA94286E1288007E60DF /* NodeJS_Thingy_CarsApp.swift */ = {isa = PBXFileReference; lastKnownFileType = sourcecode.swift; path = NodeJS_Thingy_CarsApp.swift; sourceTree = "<group>"; };
		5795FA96286E1288007E60DF /* ContentView.swift */ = {isa = PBXFileReference; lastKnownFileType = sourcecode.swift; path = ContentView.swift; sourceTree = "<group>"; };
		5795FA98286E1289007E60DF /* Assets.xcassets */ = {isa = PBXFileReference; lastKnownFileType = folder.assetcatalog; path = Assets.xcassets; sourceTree = "<group>"; };
		5795FA9B286E1289007E60DF /* Preview Assets.xcassets */ = {isa = PBXFileReference; lastKnownFileType = folder.assetcatalog; path = "Preview Assets.xcassets"; sourceTree = "<group>"; };
		57A49F2E2871EC85006A2712 /* DetailView.swift */ = {isa = PBXFileReference; lastKnownFileType = sourcecode.swift; path = DetailView.swift; sourceTree = "<group>"; };
		57A49F302871EEA0006A2712 /* Car.swift */ = {isa = PBXFileReference; lastKnownFileType = sourcecode.swift; path = Car.swift; sourceTree = "<group>"; };
		57A49F322871EFE2006A2712 /* Response.swift */ = {isa = PBXFileReference; lastKnownFileType = sourcecode.swift; path = Response.swift; sourceTree = "<group>"; };
		57A49F392872349B006A2712 /* Database.swift */ = {isa = PBXFileReference; lastKnownFileType = sourcecode.swift; path = Database.swift; sourceTree = "<group>"; };
		57A979312878B2980024EAA0 /* NewCarView.swift */ = {isa = PBXFileReference; lastKnownFileType = sourcecode.swift; path = NewCarView.swift; sourceTree = "<group>"; };
		57AFE3BA28CE2C2700837E0F /* LocationManager.swift */ = {isa = PBXFileReference; lastKnownFileType = sourcecode.swift; path = LocationManager.swift; sourceTree = "<group>"; };
		57D9B0F728BFCF1B001DFB09 /* CarData.swift */ = {isa = PBXFileReference; lastKnownFileType = sourcecode.swift; path = CarData.swift; sourceTree = "<group>"; };
		57F0F257288BEEFA0052D566 /* NodeJS_Thingy_Cars.entitlements */ = {isa = PBXFileReference; lastKnownFileType = text.plist.entitlements; path = NodeJS_Thingy_Cars.entitlements; sourceTree = "<group>"; };
		57F6F70128CBA1F7008983FF /* NodeJS-Thingy-Cars-Info.plist */ = {isa = PBXFileReference; lastKnownFileType = text.plist; path = "NodeJS-Thingy-Cars-Info.plist"; sourceTree = SOURCE_ROOT; };
/* End PBXFileReference section */

/* Begin PBXFrameworksBuildPhase section */
		5795FA8E286E1288007E60DF /* Frameworks */ = {
			isa = PBXFrameworksBuildPhase;
			buildActionMask = 2147483647;
			files = (
			);
			runOnlyForDeploymentPostprocessing = 0;
		};
/* End PBXFrameworksBuildPhase section */

/* Begin PBXGroup section */
		577C6546289595A300397961 /* Controller */ = {
			isa = PBXGroup;
			children = (
				577C65432895958500397961 /* HTTPController.swift */,
				57AFE3BA28CE2C2700837E0F /* LocationManager.swift */,
			);
			path = Controller;
			sourceTree = "<group>";
		};
		5795FA88286E1288007E60DF = {
			isa = PBXGroup;
			children = (
				5795FA93286E1288007E60DF /* NodeJS_Thingy_Cars */,
				5795FA92286E1288007E60DF /* Products */,
			);
			sourceTree = "<group>";
		};
		5795FA92286E1288007E60DF /* Products */ = {
			isa = PBXGroup;
			children = (
				5795FA91286E1288007E60DF /* NodeJS_Thingy_Cars.app */,
			);
			name = Products;
			sourceTree = "<group>";
		};
		5795FA93286E1288007E60DF /* NodeJS_Thingy_Cars */ = {
			isa = PBXGroup;
			children = (
				57F6F70128CBA1F7008983FF /* NodeJS-Thingy-Cars-Info.plist */,
				57F0F257288BEEFA0052D566 /* NodeJS_Thingy_Cars.entitlements */,
				5795FA94286E1288007E60DF /* NodeJS_Thingy_CarsApp.swift */,
				57A49F342871EFF8006A2712 /* Model */,
				57A49F352871F001006A2712 /* View */,
				577C6546289595A300397961 /* Controller */,
				5795FA98286E1289007E60DF /* Assets.xcassets */,
				5795FA9A286E1289007E60DF /* Preview Content */,
				57A49F392872349B006A2712 /* Database.swift */,
			);
			path = NodeJS_Thingy_Cars;
			sourceTree = "<group>";
		};
		5795FA9A286E1289007E60DF /* Preview Content */ = {
			isa = PBXGroup;
			children = (
				5795FA9B286E1289007E60DF /* Preview Assets.xcassets */,
			);
			path = "Preview Content";
			sourceTree = "<group>";
		};
		57A49F342871EFF8006A2712 /* Model */ = {
			isa = PBXGroup;
			children = (
				57A49F302871EEA0006A2712 /* Car.swift */,
				57A49F322871EFE2006A2712 /* Response.swift */,
				5724D1A928B0F9A7004768B8 /* Brand.swift */,
				57D9B0F728BFCF1B001DFB09 /* CarData.swift */,
			);
			path = Model;
			sourceTree = "<group>";
		};
		57A49F352871F001006A2712 /* View */ = {
			isa = PBXGroup;
			children = (
				5795FA96286E1288007E60DF /* ContentView.swift */,
				57A49F2E2871EC85006A2712 /* DetailView.swift */,
				57A979312878B2980024EAA0 /* NewCarView.swift */,
			);
			path = View;
			sourceTree = "<group>";
		};
/* End PBXGroup section */

/* Begin PBXNativeTarget section */
		5795FA90286E1288007E60DF /* NodeJS_Thingy_Cars */ = {
			isa = PBXNativeTarget;
			buildConfigurationList = 5795FA9F286E1289007E60DF /* Build configuration list for PBXNativeTarget "NodeJS_Thingy_Cars" */;
			buildPhases = (
				5795FA8D286E1288007E60DF /* Sources */,
				5795FA8E286E1288007E60DF /* Frameworks */,
				5795FA8F286E1288007E60DF /* Resources */,
			);
			buildRules = (
			);
			dependencies = (
			);
			name = NodeJS_Thingy_Cars;
			productName = NodeJS_Thingy_Cars;
			productReference = 5795FA91286E1288007E60DF /* NodeJS_Thingy_Cars.app */;
			productType = "com.apple.product-type.application";
		};
/* End PBXNativeTarget section */

/* Begin PBXProject section */
		5795FA89286E1288007E60DF /* Project object */ = {
			isa = PBXProject;
			attributes = {
				BuildIndependentTargetsInParallel = 1;
				LastSwiftUpdateCheck = 1400;
				LastUpgradeCheck = 1400;
				TargetAttributes = {
					5795FA90286E1288007E60DF = {
						CreatedOnToolsVersion = 14.0;
					};
				};
			};
			buildConfigurationList = 5795FA8C286E1288007E60DF /* Build configuration list for PBXProject "NodeJS_Thingy_Cars" */;
			compatibilityVersion = "Xcode 14.0";
			developmentRegion = en;
			hasScannedForEncodings = 0;
			knownRegions = (
				en,
				Base,
			);
			mainGroup = 5795FA88286E1288007E60DF;
			productRefGroup = 5795FA92286E1288007E60DF /* Products */;
			projectDirPath = "";
			projectRoot = "";
			targets = (
				5795FA90286E1288007E60DF /* NodeJS_Thingy_Cars */,
			);
		};
/* End PBXProject section */

/* Begin PBXResourcesBuildPhase section */
		5795FA8F286E1288007E60DF /* Resources */ = {
			isa = PBXResourcesBuildPhase;
			buildActionMask = 2147483647;
			files = (
				5795FA9C286E1289007E60DF /* Preview Assets.xcassets in Resources */,
				5795FA99286E1289007E60DF /* Assets.xcassets in Resources */,
			);
			runOnlyForDeploymentPostprocessing = 0;
		};
/* End PBXResourcesBuildPhase section */

/* Begin PBXSourcesBuildPhase section */
		5795FA8D286E1288007E60DF /* Sources */ = {
			isa = PBXSourcesBuildPhase;
			buildActionMask = 2147483647;
			files = (
				57A49F3A2872349B006A2712 /* Database.swift in Sources */,
				5724D1AA28B0F9A7004768B8 /* Brand.swift in Sources */,
				5795FA97286E1288007E60DF /* ContentView.swift in Sources */,
				57A49F2F2871EC85006A2712 /* DetailView.swift in Sources */,
				577C65442895958500397961 /* HTTPController.swift in Sources */,
				57A49F312871EEA0006A2712 /* Car.swift in Sources */,
				57D9B0F828BFCF1B001DFB09 /* CarData.swift in Sources */,
				57AFE3BB28CE2C2700837E0F /* LocationManager.swift in Sources */,
				5795FA95286E1288007E60DF /* NodeJS_Thingy_CarsApp.swift in Sources */,
				57A49F332871EFE2006A2712 /* Response.swift in Sources */,
				57A979322878B2980024EAA0 /* NewCarView.swift in Sources */,
			);
			runOnlyForDeploymentPostprocessing = 0;
		};
/* End PBXSourcesBuildPhase section */

/* Begin XCBuildConfiguration section */
		5795FA9D286E1289007E60DF /* Debug */ = {
			isa = XCBuildConfiguration;
			buildSettings = {
				ALWAYS_SEARCH_USER_PATHS = NO;
				CLANG_ANALYZER_NONNULL = YES;
				CLANG_ANALYZER_NUMBER_OBJECT_CONVERSION = YES_AGGRESSIVE;
				CLANG_CXX_LANGUAGE_STANDARD = "gnu++17";
				CLANG_ENABLE_MODULES = YES;
				CLANG_ENABLE_OBJC_ARC = YES;
				CLANG_ENABLE_OBJC_WEAK = YES;
				CLANG_WARN_BLOCK_CAPTURE_AUTORELEASING = YES;
				CLANG_WARN_BOOL_CONVERSION = YES;
				CLANG_WARN_COMMA = YES;
				CLANG_WARN_CONSTANT_CONVERSION = YES;
				CLANG_WARN_DEPRECATED_OBJC_IMPLEMENTATIONS = YES;
				CLANG_WARN_DIRECT_OBJC_ISA_USAGE = YES_ERROR;
				CLANG_WARN_DOCUMENTATION_COMMENTS = YES;
				CLANG_WARN_EMPTY_BODY = YES;
				CLANG_WARN_ENUM_CONVERSION = YES;
				CLANG_WARN_INFINITE_RECURSION = YES;
				CLANG_WARN_INT_CONVERSION = YES;
				CLANG_WARN_NON_LITERAL_NULL_CONVERSION = YES;
				CLANG_WARN_OBJC_IMPLICIT_RETAIN_SELF = YES;
				CLANG_WARN_OBJC_LITERAL_CONVERSION = YES;
				CLANG_WARN_OBJC_ROOT_CLASS = YES_ERROR;
				CLANG_WARN_QUOTED_INCLUDE_IN_FRAMEWORK_HEADER = YES;
				CLANG_WARN_RANGE_LOOP_ANALYSIS = YES;
				CLANG_WARN_STRICT_PROTOTYPES = YES;
				CLANG_WARN_SUSPICIOUS_MOVE = YES;
				CLANG_WARN_UNGUARDED_AVAILABILITY = YES_AGGRESSIVE;
				CLANG_WARN_UNREACHABLE_CODE = YES;
				CLANG_WARN__DUPLICATE_METHOD_MATCH = YES;
				COPY_PHASE_STRIP = NO;
				DEBUG_INFORMATION_FORMAT = dwarf;
				ENABLE_STRICT_OBJC_MSGSEND = YES;
				ENABLE_TESTABILITY = YES;
				GCC_C_LANGUAGE_STANDARD = gnu11;
				GCC_DYNAMIC_NO_PIC = NO;
				GCC_NO_COMMON_BLOCKS = YES;
				GCC_OPTIMIZATION_LEVEL = 0;
				GCC_PREPROCESSOR_DEFINITIONS = (
					"DEBUG=1",
					"$(inherited)",
				);
				GCC_WARN_64_TO_32_BIT_CONVERSION = YES;
				GCC_WARN_ABOUT_RETURN_TYPE = YES_ERROR;
				GCC_WARN_UNDECLARED_SELECTOR = YES;
				GCC_WARN_UNINITIALIZED_AUTOS = YES_AGGRESSIVE;
				GCC_WARN_UNUSED_FUNCTION = YES;
				GCC_WARN_UNUSED_VARIABLE = YES;
				IPHONEOS_DEPLOYMENT_TARGET = 16.0;
				MTL_ENABLE_DEBUG_INFO = INCLUDE_SOURCE;
				MTL_FAST_MATH = YES;
				ONLY_ACTIVE_ARCH = YES;
				SDKROOT = iphoneos;
				SWIFT_ACTIVE_COMPILATION_CONDITIONS = DEBUG;
				SWIFT_OPTIMIZATION_LEVEL = "-Onone";
			};
			name = Debug;
		};
		5795FA9E286E1289007E60DF /* Release */ = {
			isa = XCBuildConfiguration;
			buildSettings = {
				ALWAYS_SEARCH_USER_PATHS = NO;
				CLANG_ANALYZER_NONNULL = YES;
				CLANG_ANALYZER_NUMBER_OBJECT_CONVERSION = YES_AGGRESSIVE;
				CLANG_CXX_LANGUAGE_STANDARD = "gnu++17";
				CLANG_ENABLE_MODULES = YES;
				CLANG_ENABLE_OBJC_ARC = YES;
				CLANG_ENABLE_OBJC_WEAK = YES;
				CLANG_WARN_BLOCK_CAPTURE_AUTORELEASING = YES;
				CLANG_WARN_BOOL_CONVERSION = YES;
				CLANG_WARN_COMMA = YES;
				CLANG_WARN_CONSTANT_CONVERSION = YES;
				CLANG_WARN_DEPRECATED_OBJC_IMPLEMENTATIONS = YES;
				CLANG_WARN_DIRECT_OBJC_ISA_USAGE = YES_ERROR;
				CLANG_WARN_DOCUMENTATION_COMMENTS = YES;
				CLANG_WARN_EMPTY_BODY = YES;
				CLANG_WARN_ENUM_CONVERSION = YES;
				CLANG_WARN_INFINITE_RECURSION = YES;
				CLANG_WARN_INT_CONVERSION = YES;
				CLANG_WARN_NON_LITERAL_NULL_CONVERSION = YES;
				CLANG_WARN_OBJC_IMPLICIT_RETAIN_SELF = YES;
				CLANG_WARN_OBJC_LITERAL_CONVERSION = YES;
				CLANG_WARN_OBJC_ROOT_CLASS = YES_ERROR;
				CLANG_WARN_QUOTED_INCLUDE_IN_FRAMEWORK_HEADER = YES;
				CLANG_WARN_RANGE_LOOP_ANALYSIS = YES;
				CLANG_WARN_STRICT_PROTOTYPES = YES;
				CLANG_WARN_SUSPICIOUS_MOVE = YES;
				CLANG_WARN_UNGUARDED_AVAILABILITY = YES_AGGRESSIVE;
				CLANG_WARN_UNREACHABLE_CODE = YES;
				CLANG_WARN__DUPLICATE_METHOD_MATCH = YES;
				COPY_PHASE_STRIP = NO;
				DEBUG_INFORMATION_FORMAT = "dwarf-with-dsym";
				ENABLE_NS_ASSERTIONS = NO;
				ENABLE_STRICT_OBJC_MSGSEND = YES;
				GCC_C_LANGUAGE_STANDARD = gnu11;
				GCC_NO_COMMON_BLOCKS = YES;
				GCC_WARN_64_TO_32_BIT_CONVERSION = YES;
				GCC_WARN_ABOUT_RETURN_TYPE = YES_ERROR;
				GCC_WARN_UNDECLARED_SELECTOR = YES;
				GCC_WARN_UNINITIALIZED_AUTOS = YES_AGGRESSIVE;
				GCC_WARN_UNUSED_FUNCTION = YES;
				GCC_WARN_UNUSED_VARIABLE = YES;
				IPHONEOS_DEPLOYMENT_TARGET = 16.0;
				MTL_ENABLE_DEBUG_INFO = NO;
				MTL_FAST_MATH = YES;
				SDKROOT = iphoneos;
				SWIFT_COMPILATION_MODE = wholemodule;
				SWIFT_OPTIMIZATION_LEVEL = "-O";
				VALIDATE_PRODUCT = YES;
			};
			name = Release;
		};
		5795FAA0286E1289007E60DF /* Debug */ = {
			isa = XCBuildConfiguration;
			buildSettings = {
				ASSETCATALOG_COMPILER_APPICON_NAME = AppIcon;
				ASSETCATALOG_COMPILER_GLOBAL_ACCENT_COLOR_NAME = AccentColor;
				CODE_SIGN_ENTITLEMENTS = NodeJS_Thingy_Cars/NodeJS_Thingy_Cars.entitlements;
				CODE_SIGN_STYLE = Automatic;
				CURRENT_PROJECT_VERSION = 1;
				DEVELOPMENT_ASSET_PATHS = "\"NodeJS_Thingy_Cars/Preview Content\"";
				DEVELOPMENT_TEAM = 5PACNS2J38;
				ENABLE_PREVIEWS = YES;
				GENERATE_INFOPLIST_FILE = YES;
				INFOPLIST_FILE = "NodeJS-Thingy-Cars-Info.plist";
				INFOPLIST_KEY_UIApplicationSceneManifest_Generation = YES;
				INFOPLIST_KEY_UIApplicationSupportsIndirectInputEvents = YES;
				INFOPLIST_KEY_UILaunchScreen_Generation = YES;
				INFOPLIST_KEY_UISupportedInterfaceOrientations_iPad = "UIInterfaceOrientationPortrait UIInterfaceOrientationPortraitUpsideDown UIInterfaceOrientationLandscapeLeft UIInterfaceOrientationLandscapeRight";
				INFOPLIST_KEY_UISupportedInterfaceOrientations_iPhone = "UIInterfaceOrientationPortrait UIInterfaceOrientationLandscapeLeft UIInterfaceOrientationLandscapeRight";
				LD_RUNPATH_SEARCH_PATHS = (
					"$(inherited)",
					"@executable_path/Frameworks",
				);
				MARKETING_VERSION = 4.0.3;
				PRODUCT_BUNDLE_IDENTIFIER = "com.sc4n1a.NodeJS-Thingy-Cars";
				PRODUCT_NAME = "$(TARGET_NAME)";
				SUPPORTED_PLATFORMS = "iphoneos iphonesimulator macosx";
				SUPPORTS_MACCATALYST = YES;
				SUPPORTS_MAC_DESIGNED_FOR_IPHONE_IPAD = NO;
				SWIFT_EMIT_LOC_STRINGS = YES;
				SWIFT_VERSION = 5.0;
				TARGETED_DEVICE_FAMILY = "1,2";
			};
			name = Debug;
		};
		5795FAA1286E1289007E60DF /* Release */ = {
			isa = XCBuildConfiguration;
			buildSettings = {
				ASSETCATALOG_COMPILER_APPICON_NAME = AppIcon;
				ASSETCATALOG_COMPILER_GLOBAL_ACCENT_COLOR_NAME = AccentColor;
				CODE_SIGN_ENTITLEMENTS = NodeJS_Thingy_Cars/NodeJS_Thingy_Cars.entitlements;
				CODE_SIGN_STYLE = Automatic;
				CURRENT_PROJECT_VERSION = 1;
				DEVELOPMENT_ASSET_PATHS = "\"NodeJS_Thingy_Cars/Preview Content\"";
				DEVELOPMENT_TEAM = 5PACNS2J38;
				ENABLE_PREVIEWS = YES;
				GENERATE_INFOPLIST_FILE = YES;
				INFOPLIST_FILE = "NodeJS-Thingy-Cars-Info.plist";
				INFOPLIST_KEY_UIApplicationSceneManifest_Generation = YES;
				INFOPLIST_KEY_UIApplicationSupportsIndirectInputEvents = YES;
				INFOPLIST_KEY_UILaunchScreen_Generation = YES;
				INFOPLIST_KEY_UISupportedInterfaceOrientations_iPad = "UIInterfaceOrientationPortrait UIInterfaceOrientationPortraitUpsideDown UIInterfaceOrientationLandscapeLeft UIInterfaceOrientationLandscapeRight";
				INFOPLIST_KEY_UISupportedInterfaceOrientations_iPhone = "UIInterfaceOrientationPortrait UIInterfaceOrientationLandscapeLeft UIInterfaceOrientationLandscapeRight";
				LD_RUNPATH_SEARCH_PATHS = (
					"$(inherited)",
					"@executable_path/Frameworks",
				);
				MARKETING_VERSION = 4.0.3;
				PRODUCT_BUNDLE_IDENTIFIER = "com.sc4n1a.NodeJS-Thingy-Cars";
				PRODUCT_NAME = "$(TARGET_NAME)";
				SUPPORTED_PLATFORMS = "iphoneos iphonesimulator macosx";
				SUPPORTS_MACCATALYST = YES;
				SUPPORTS_MAC_DESIGNED_FOR_IPHONE_IPAD = NO;
				SWIFT_EMIT_LOC_STRINGS = YES;
				SWIFT_VERSION = 5.0;
				TARGETED_DEVICE_FAMILY = "1,2";
			};
			name = Release;
		};
/* End XCBuildConfiguration section */

/* Begin XCConfigurationList section */
		5795FA8C286E1288007E60DF /* Build configuration list for PBXProject "NodeJS_Thingy_Cars" */ = {
			isa = XCConfigurationList;
			buildConfigurations = (
				5795FA9D286E1289007E60DF /* Debug */,
				5795FA9E286E1289007E60DF /* Release */,
			);
			defaultConfigurationIsVisible = 0;
			defaultConfigurationName = Release;
		};
		5795FA9F286E1289007E60DF /* Build configuration list for PBXNativeTarget "NodeJS_Thingy_Cars" */ = {
			isa = XCConfigurationList;
			buildConfigurations = (
				5795FAA0286E1289007E60DF /* Debug */,
				5795FAA1286E1289007E60DF /* Release */,
			);
			defaultConfigurationIsVisible = 0;
			defaultConfigurationName = Release;
		};
/* End XCConfigurationList section */
	};
	rootObject = 5795FA89286E1288007E60DF /* Project object */;
}
